github.com/taylormonacelli/goldbug v0.0.1 h1:bGj1nqeJk0U3BdS002Pi4AgxOgaVCPDk8eVq653gcVo=
github.com/taylormonacelli/goldbug v0.0.1/go.mod h1:HN8Mpu5DRSZSG6ZOGVZN06Suhnx2paUhXVyekhniaDI=
github.com/taylormonacelli/goldbug v0.0.2 h1:l7p2NMGUK3gek0Y73nJSd0bQ7qx2lAJQHB8DWYlymQE=
github.com/taylormonacelli/goldbug v0.0.2/go.mod h1:HN8Mpu5DRSZSG6ZOGVZN06Suhnx2paUhXVyekhniaDI=
github.com/taylormonacelli/goldbug v0.0.6 h1:2NQnMjAfznHkKh8dKPTUHJqnswgqWrcF/NhOnm4TQRI=
github.com/taylormonacelli/goldbug v0.0.6/go.mod h1:RmeCuiI1RYYPob+BPHEZcmp+IVd6EkoHsoRukenJmH0=
